
Microsoft Visual Studio Solution File, Format Version 12.00
# Visual Studio Version 17
VisualStudioVersion = 17.3.32611.2
MinimumVisualStudioVersion = 10.0.40219.1
Project("{9A19103F-16F7-4668-BE54-9A1E7A4F7556}") = "BrazilElectionGraphAnalysis", "BrazilElectionGraphAnalysis\BrazilElectionGraphAnalysis.csproj", "{6BEE4518-63B0-4E4A-BABC-4B939CF97502}"
EndProject
Global
	GlobalSection(SolutionConfigurationPlatforms) = preSolution
		Debug|Any CPU = Debug|Any CPU
		Release|Any CPU = Release|Any CPU
	EndGlobalSection
	GlobalSection(ProjectConfigurationPlatforms) = postSolution
		{6BEE4518-63B0-4E4A-BABC-4B939CF97502}.Debug|Any CPU.ActiveCfg = Debug|Any CPU
		{6BEE4518-63B0-4E4A-BABC-4B939CF97502}.Debug|Any CPU.Build.0 = Debug|Any CPU
		{6BEE4518-63B0-4E4A-BABC-4B939CF97502}.Release|Any CPU.ActiveCfg = Release|Any CPU
		{6BEE4518-63B0-4E4A-BABC-4B939CF97502}.Release|Any CPU.Build.0 = Release|Any CPU
	EndGlobalSection
	GlobalSection(SolutionProperties) = preSolution
		HideSolutionNode = FALSE
	EndGlobalSection
	GlobalSection(ExtensibilityGlobals) = postSolution
		SolutionGuid = {8E4109BE-F01C-429E-9266-B8547CFC1490}
	EndGlobalSection
EndGlobal
